
Microsoft Visual Studio Solution File, Format Version 12.00
# Visual Studio Version 16
VisualStudioVersion = 16.0.31112.23
MinimumVisualStudioVersion = 15.0.26124.0
Project("{2150E333-8FDC-42A3-9474-1A3956D46DE8}") = "src", "src", "{466DB90F-6478-4139-A59D-3EE886E94B4E}"
EndProject
Project("{9A19103F-16F7-4668-BE54-9A1E7A4F7556}") = "Energetic.Clients.Xamarin.Hosting", "Energetic.Clients.Xamarin.Hosting.csproj", "{14EF892A-E3BC-441C-BA98-BDB9DF6A688C}"
EndProject
Global
	GlobalSection(SolutionConfigurationPlatforms) = preSolution
		Debug|Any CPU = Debug|Any CPU
		Release|Any CPU = Release|Any CPU
	EndGlobalSection
	GlobalSection(ProjectConfigurationPlatforms) = postSolution
		{14EF892A-E3BC-441C-BA98-BDB9DF6A688C}.Debug|Any CPU.ActiveCfg = Debug|Any CPU
		{14EF892A-E3BC-441C-BA98-BDB9DF6A688C}.Debug|Any CPU.Build.0 = Debug|Any CPU
		{14EF892A-E3BC-441C-BA98-BDB9DF6A688C}.Release|Any CPU.ActiveCfg = Release|Any CPU
		{14EF892A-E3BC-441C-BA98-BDB9DF6A688C}.Release|Any CPU.Build.0 = Release|Any CPU
	EndGlobalSection
	GlobalSection(SolutionProperties) = preSolution
		HideSolutionNode = FALSE
	EndGlobalSection
	GlobalSection(NestedProjects) = preSolution
		{14EF892A-E3BC-441C-BA98-BDB9DF6A688C} = {466DB90F-6478-4139-A59D-3EE886E94B4E}
	EndGlobalSection
	GlobalSection(ExtensibilityGlobals) = postSolution
		SolutionGuid = {D77B1726-CF6E-4786-B3FE-58EC95DF81C4}
	EndGlobalSection
EndGlobal
